// !$*UTF8*$!
{
	archiveVersion = 1;
	classes = {
	};
	objectVersion = 46;
	objects = {

/* Begin PBXBuildFile section */
		1A16D2666CC349E4A0E0C81D /* libPods-RPG-SoundmasterTests.a in Frameworks */ = {isa = PBXBuildFile; fileRef = 4055B8250B584252BA7B4931 /* libPods-RPG-SoundmasterTests.a */; };
		AECB7596180E1F86003F04F8 /* UIKit.framework in Frameworks */ = {isa = PBXBuildFile; fileRef = AECB7595180E1F86003F04F8 /* UIKit.framework */; };
		AECB7598180E1F86003F04F8 /* Foundation.framework in Frameworks */ = {isa = PBXBuildFile; fileRef = AECB7597180E1F86003F04F8 /* Foundation.framework */; };
		AECB759A180E1F86003F04F8 /* CoreGraphics.framework in Frameworks */ = {isa = PBXBuildFile; fileRef = AECB7599180E1F86003F04F8 /* CoreGraphics.framework */; };
		AECB75A0180E1F86003F04F8 /* InfoPlist.strings in Resources */ = {isa = PBXBuildFile; fileRef = AECB759E180E1F86003F04F8 /* InfoPlist.strings */; };
		AECB75A2180E1F86003F04F8 /* main.m in Sources */ = {isa = PBXBuildFile; fileRef = AECB75A1180E1F86003F04F8 /* main.m */; };
		AECB75A6180E1F86003F04F8 /* INPAppDelegate.m in Sources */ = {isa = PBXBuildFile; fileRef = AECB75A5180E1F86003F04F8 /* INPAppDelegate.m */; };
		AECB75A8180E1F86003F04F8 /* Default.png in Resources */ = {isa = PBXBuildFile; fileRef = AECB75A7180E1F86003F04F8 /* Default.png */; };
		AECB75AA180E1F86003F04F8 /* Default@2x.png in Resources */ = {isa = PBXBuildFile; fileRef = AECB75A9180E1F86003F04F8 /* Default@2x.png */; };
		AECB75AC180E1F86003F04F8 /* Default-568h@2x.png in Resources */ = {isa = PBXBuildFile; fileRef = AECB75AB180E1F86003F04F8 /* Default-568h@2x.png */; };
		AECB75AF180E1F86003F04F8 /* MainStoryboard.storyboard in Resources */ = {isa = PBXBuildFile; fileRef = AECB75AD180E1F86003F04F8 /* MainStoryboard.storyboard */; };
		AECB75B2180E1F86003F04F8 /* INPViewController.m in Sources */ = {isa = PBXBuildFile; fileRef = AECB75B1180E1F86003F04F8 /* INPViewController.m */; };
		AECB75BA180E1F87003F04F8 /* SenTestingKit.framework in Frameworks */ = {isa = PBXBuildFile; fileRef = AECB75B9180E1F87003F04F8 /* SenTestingKit.framework */; };
		AECB75BB180E1F87003F04F8 /* UIKit.framework in Frameworks */ = {isa = PBXBuildFile; fileRef = AECB7595180E1F86003F04F8 /* UIKit.framework */; };
		AECB75BC180E1F87003F04F8 /* Foundation.framework in Frameworks */ = {isa = PBXBuildFile; fileRef = AECB7597180E1F86003F04F8 /* Foundation.framework */; };
		AECB75C4180E1F87003F04F8 /* InfoPlist.strings in Resources */ = {isa = PBXBuildFile; fileRef = AECB75C2180E1F87003F04F8 /* InfoPlist.strings */; };
		AECB75C7180E1F87003F04F8 /* RPG_SoundmasterTests.m in Sources */ = {isa = PBXBuildFile; fileRef = AECB75C6180E1F87003F04F8 /* RPG_SoundmasterTests.m */; };
		AEE37CDE18174E6000798EA8 /* libPods-RPG-Soundmaster.a in Frameworks */ = {isa = PBXBuildFile; fileRef = 57640172A7A545839AD630E3 /* libPods-RPG-Soundmaster.a */; };
		C832911B1830362500ACC281 /* AVFoundation.framework in Frameworks */ = {isa = PBXBuildFile; fileRef = C832911A1830362500ACC281 /* AVFoundation.framework */; };
		C832911D18304F4500ACC281 /* CoreData.framework in Frameworks */ = {isa = PBXBuildFile; fileRef = C832911C18304F4500ACC281 /* CoreData.framework */; };
		C888D3401831B6EA0072434D /* SystemConfiguration.framework in Frameworks */ = {isa = PBXBuildFile; fileRef = C888D33F1831B6EA0072434D /* SystemConfiguration.framework */; };
		C888D3421831B6FB0072434D /* MobileCoreServices.framework in Frameworks */ = {isa = PBXBuildFile; fileRef = C888D3411831B6FB0072434D /* MobileCoreServices.framework */; };
		C89111771832EFFC009BE66C /* RPG-Soundmaster.xcdatamodeld in Sources */ = {isa = PBXBuildFile; fileRef = C89111751832EFFC009BE66C /* RPG-Soundmaster.xcdatamodeld */; };
		C891117A1832F298009BE66C /* User.m in Sources */ = {isa = PBXBuildFile; fileRef = C89111791832F298009BE66C /* User.m */; };
		C89111801832F317009BE66C /* User+RKMapping.m in Sources */ = {isa = PBXBuildFile; fileRef = C891117F1832F317009BE66C /* User+RKMapping.m */; };
		C89111841832F611009BE66C /* INPService.m in Sources */ = {isa = PBXBuildFile; fileRef = C89111831832F611009BE66C /* INPService.m */; };
		C89111871832F64A009BE66C /* INPUserService.m in Sources */ = {isa = PBXBuildFile; fileRef = C89111861832F64A009BE66C /* INPUserService.m */; };
/* End PBXBuildFile section */

/* Begin PBXContainerItemProxy section */
		AECB75BD180E1F87003F04F8 /* PBXContainerItemProxy */ = {
			isa = PBXContainerItemProxy;
			containerPortal = AECB758A180E1F86003F04F8 /* Project object */;
			proxyType = 1;
			remoteGlobalIDString = AECB7591180E1F86003F04F8;
			remoteInfo = "RPG-Soundmaster";
		};
/* End PBXContainerItemProxy section */

/* Begin PBXFileReference section */
		38C22DE0CD594E13B3E98CF1 /* Pods-RPG-SoundmasterTests.xcconfig */ = {isa = PBXFileReference; includeInIndex = 1; lastKnownFileType = text.xcconfig; name = "Pods-RPG-SoundmasterTests.xcconfig"; path = "Pods/Pods-RPG-SoundmasterTests.xcconfig"; sourceTree = "<group>"; };
		3F914B44EA804C2099585D4A /* Pods-RPG-Soundmaster.xcconfig */ = {isa = PBXFileReference; includeInIndex = 1; lastKnownFileType = text.xcconfig; name = "Pods-RPG-Soundmaster.xcconfig"; path = "Pods/Pods-RPG-Soundmaster.xcconfig"; sourceTree = "<group>"; };
		4055B8250B584252BA7B4931 /* libPods-RPG-SoundmasterTests.a */ = {isa = PBXFileReference; explicitFileType = archive.ar; includeInIndex = 0; path = "libPods-RPG-SoundmasterTests.a"; sourceTree = BUILT_PRODUCTS_DIR; };
		57640172A7A545839AD630E3 /* libPods-RPG-Soundmaster.a */ = {isa = PBXFileReference; explicitFileType = archive.ar; includeInIndex = 0; path = "libPods-RPG-Soundmaster.a"; sourceTree = BUILT_PRODUCTS_DIR; };
		9C328F31D233447D89C5D0F0 /* Pods.xcconfig */ = {isa = PBXFileReference; includeInIndex = 1; lastKnownFileType = text.xcconfig; name = Pods.xcconfig; path = Pods/Pods.xcconfig; sourceTree = "<group>"; };
		AECB7592180E1F86003F04F8 /* RPG-Soundmaster.app */ = {isa = PBXFileReference; explicitFileType = wrapper.application; includeInIndex = 0; path = "RPG-Soundmaster.app"; sourceTree = BUILT_PRODUCTS_DIR; };
		AECB7595180E1F86003F04F8 /* UIKit.framework */ = {isa = PBXFileReference; lastKnownFileType = wrapper.framework; name = UIKit.framework; path = System/Library/Frameworks/UIKit.framework; sourceTree = SDKROOT; };
		AECB7597180E1F86003F04F8 /* Foundation.framework */ = {isa = PBXFileReference; lastKnownFileType = wrapper.framework; name = Foundation.framework; path = System/Library/Frameworks/Foundation.framework; sourceTree = SDKROOT; };
		AECB7599180E1F86003F04F8 /* CoreGraphics.framework */ = {isa = PBXFileReference; lastKnownFileType = wrapper.framework; name = CoreGraphics.framework; path = System/Library/Frameworks/CoreGraphics.framework; sourceTree = SDKROOT; };
		AECB759D180E1F86003F04F8 /* RPG-Soundmaster-Info.plist */ = {isa = PBXFileReference; lastKnownFileType = text.plist.xml; path = "RPG-Soundmaster-Info.plist"; sourceTree = "<group>"; };
		AECB759F180E1F86003F04F8 /* en */ = {isa = PBXFileReference; lastKnownFileType = text.plist.strings; name = en; path = en.lproj/InfoPlist.strings; sourceTree = "<group>"; };
		AECB75A1180E1F86003F04F8 /* main.m */ = {isa = PBXFileReference; lastKnownFileType = sourcecode.c.objc; path = main.m; sourceTree = "<group>"; };
		AECB75A3180E1F86003F04F8 /* RPG-Soundmaster-Prefix.pch */ = {isa = PBXFileReference; lastKnownFileType = sourcecode.c.h; path = "RPG-Soundmaster-Prefix.pch"; sourceTree = "<group>"; };
		AECB75A4180E1F86003F04F8 /* INPAppDelegate.h */ = {isa = PBXFileReference; lastKnownFileType = sourcecode.c.h; path = INPAppDelegate.h; sourceTree = "<group>"; };
		AECB75A5180E1F86003F04F8 /* INPAppDelegate.m */ = {isa = PBXFileReference; lastKnownFileType = sourcecode.c.objc; path = INPAppDelegate.m; sourceTree = "<group>"; };
		AECB75A7180E1F86003F04F8 /* Default.png */ = {isa = PBXFileReference; lastKnownFileType = image.png; path = Default.png; sourceTree = "<group>"; };
		AECB75A9180E1F86003F04F8 /* Default@2x.png */ = {isa = PBXFileReference; lastKnownFileType = image.png; path = "Default@2x.png"; sourceTree = "<group>"; };
		AECB75AB180E1F86003F04F8 /* Default-568h@2x.png */ = {isa = PBXFileReference; lastKnownFileType = image.png; path = "Default-568h@2x.png"; sourceTree = "<group>"; };
		AECB75AE180E1F86003F04F8 /* en */ = {isa = PBXFileReference; lastKnownFileType = file.storyboard; name = en; path = en.lproj/MainStoryboard.storyboard; sourceTree = "<group>"; };
		AECB75B0180E1F86003F04F8 /* INPViewController.h */ = {isa = PBXFileReference; lastKnownFileType = sourcecode.c.h; path = INPViewController.h; sourceTree = "<group>"; };
		AECB75B1180E1F86003F04F8 /* INPViewController.m */ = {isa = PBXFileReference; lastKnownFileType = sourcecode.c.objc; path = INPViewController.m; sourceTree = "<group>"; };
		AECB75B8180E1F87003F04F8 /* RPG-SoundmasterTests.octest */ = {isa = PBXFileReference; explicitFileType = wrapper.cfbundle; includeInIndex = 0; path = "RPG-SoundmasterTests.octest"; sourceTree = BUILT_PRODUCTS_DIR; };
		AECB75B9180E1F87003F04F8 /* SenTestingKit.framework */ = {isa = PBXFileReference; lastKnownFileType = wrapper.framework; name = SenTestingKit.framework; path = Library/Frameworks/SenTestingKit.framework; sourceTree = DEVELOPER_DIR; };
		AECB75C1180E1F87003F04F8 /* RPG-SoundmasterTests-Info.plist */ = {isa = PBXFileReference; lastKnownFileType = text.plist.xml; path = "RPG-SoundmasterTests-Info.plist"; sourceTree = "<group>"; };
		AECB75C3180E1F87003F04F8 /* en */ = {isa = PBXFileReference; lastKnownFileType = text.plist.strings; name = en; path = en.lproj/InfoPlist.strings; sourceTree = "<group>"; };
		AECB75C5180E1F87003F04F8 /* RPG_SoundmasterTests.h */ = {isa = PBXFileReference; lastKnownFileType = sourcecode.c.h; path = RPG_SoundmasterTests.h; sourceTree = "<group>"; };
		AECB75C6180E1F87003F04F8 /* RPG_SoundmasterTests.m */ = {isa = PBXFileReference; lastKnownFileType = sourcecode.c.objc; path = RPG_SoundmasterTests.m; sourceTree = "<group>"; };
		C832911A1830362500ACC281 /* AVFoundation.framework */ = {isa = PBXFileReference; lastKnownFileType = wrapper.framework; name = AVFoundation.framework; path = System/Library/Frameworks/AVFoundation.framework; sourceTree = SDKROOT; };
		C832911C18304F4500ACC281 /* CoreData.framework */ = {isa = PBXFileReference; lastKnownFileType = wrapper.framework; name = CoreData.framework; path = System/Library/Frameworks/CoreData.framework; sourceTree = SDKROOT; };
		C888D33F1831B6EA0072434D /* SystemConfiguration.framework */ = {isa = PBXFileReference; lastKnownFileType = wrapper.framework; name = SystemConfiguration.framework; path = System/Library/Frameworks/SystemConfiguration.framework; sourceTree = SDKROOT; };
		C888D3411831B6FB0072434D /* MobileCoreServices.framework */ = {isa = PBXFileReference; lastKnownFileType = wrapper.framework; name = MobileCoreServices.framework; path = System/Library/Frameworks/MobileCoreServices.framework; sourceTree = SDKROOT; };
		C89111761832EFFC009BE66C /* RPG-Soundmaster.xcdatamodel */ = {isa = PBXFileReference; lastKnownFileType = wrapper.xcdatamodel; path = "RPG-Soundmaster.xcdatamodel"; sourceTree = "<group>"; };
		C89111781832F298009BE66C /* User.h */ = {isa = PBXFileReference; fileEncoding = 4; lastKnownFileType = sourcecode.c.h; name = User.h; path = Model/User.h; sourceTree = "<group>"; };
		C89111791832F298009BE66C /* User.m */ = {isa = PBXFileReference; fileEncoding = 4; lastKnownFileType = sourcecode.c.objc; name = User.m; path = Model/User.m; sourceTree = "<group>"; };
		C891117E1832F317009BE66C /* User+RKMapping.h */ = {isa = PBXFileReference; fileEncoding = 4; lastKnownFileType = sourcecode.c.h; name = "User+RKMapping.h"; path = "Model/User+RKMapping.h"; sourceTree = "<group>"; };
		C891117F1832F317009BE66C /* User+RKMapping.m */ = {isa = PBXFileReference; fileEncoding = 4; lastKnownFileType = sourcecode.c.objc; name = "User+RKMapping.m"; path = "Model/User+RKMapping.m"; sourceTree = "<group>"; };
		C89111821832F611009BE66C /* INPService.h */ = {isa = PBXFileReference; fileEncoding = 4; lastKnownFileType = sourcecode.c.h; name = INPService.h; path = Service/INPService.h; sourceTree = "<group>"; };
		C89111831832F611009BE66C /* INPService.m */ = {isa = PBXFileReference; fileEncoding = 4; lastKnownFileType = sourcecode.c.objc; name = INPService.m; path = Service/INPService.m; sourceTree = "<group>"; };
		C89111851832F64A009BE66C /* INPUserService.h */ = {isa = PBXFileReference; fileEncoding = 4; lastKnownFileType = sourcecode.c.h; name = INPUserService.h; path = Service/INPUserService.h; sourceTree = "<group>"; };
		C89111861832F64A009BE66C /* INPUserService.m */ = {isa = PBXFileReference; fileEncoding = 4; lastKnownFileType = sourcecode.c.objc; name = INPUserService.m; path = Service/INPUserService.m; sourceTree = "<group>"; };
		D86FC3FCE33E417E8BD65EC6 /* libPods.a */ = {isa = PBXFileReference; explicitFileType = archive.ar; includeInIndex = 0; path = libPods.a; sourceTree = BUILT_PRODUCTS_DIR; };
/* End PBXFileReference section */

/* Begin PBXFrameworksBuildPhase section */
		AECB758F180E1F86003F04F8 /* Frameworks */ = {
			isa = PBXFrameworksBuildPhase;
			buildActionMask = 2147483647;
			files = (
				C888D3421831B6FB0072434D /* MobileCoreServices.framework in Frameworks */,
				C888D3401831B6EA0072434D /* SystemConfiguration.framework in Frameworks */,
				C832911D18304F4500ACC281 /* CoreData.framework in Frameworks */,
				C832911B1830362500ACC281 /* AVFoundation.framework in Frameworks */,
				AECB7596180E1F86003F04F8 /* UIKit.framework in Frameworks */,
				AECB7598180E1F86003F04F8 /* Foundation.framework in Frameworks */,
				AECB759A180E1F86003F04F8 /* CoreGraphics.framework in Frameworks */,
				AEE37CDE18174E6000798EA8 /* libPods-RPG-Soundmaster.a in Frameworks */,
			);
			runOnlyForDeploymentPostprocessing = 0;
		};
		AECB75B4180E1F87003F04F8 /* Frameworks */ = {
			isa = PBXFrameworksBuildPhase;
			buildActionMask = 2147483647;
			files = (
				AECB75BA180E1F87003F04F8 /* SenTestingKit.framework in Frameworks */,
				AECB75BB180E1F87003F04F8 /* UIKit.framework in Frameworks */,
				AECB75BC180E1F87003F04F8 /* Foundation.framework in Frameworks */,
				1A16D2666CC349E4A0E0C81D /* libPods-RPG-SoundmasterTests.a in Frameworks */,
			);
			runOnlyForDeploymentPostprocessing = 0;
		};
/* End PBXFrameworksBuildPhase section */

/* Begin PBXGroup section */
		AECB7589180E1F86003F04F8 = {
			isa = PBXGroup;
			children = (
				AECB759B180E1F86003F04F8 /* RPG-Soundmaster */,
				AECB75BF180E1F87003F04F8 /* RPG-SoundmasterTests */,
				AECB7594180E1F86003F04F8 /* Frameworks */,
				AECB7593180E1F86003F04F8 /* Products */,
				9C328F31D233447D89C5D0F0 /* Pods.xcconfig */,
				3F914B44EA804C2099585D4A /* Pods-RPG-Soundmaster.xcconfig */,
				38C22DE0CD594E13B3E98CF1 /* Pods-RPG-SoundmasterTests.xcconfig */,
			);
			sourceTree = "<group>";
		};
		AECB7593180E1F86003F04F8 /* Products */ = {
			isa = PBXGroup;
			children = (
				AECB7592180E1F86003F04F8 /* RPG-Soundmaster.app */,
				AECB75B8180E1F87003F04F8 /* RPG-SoundmasterTests.octest */,
			);
			name = Products;
			sourceTree = "<group>";
		};
		AECB7594180E1F86003F04F8 /* Frameworks */ = {
			isa = PBXGroup;
			children = (
				C888D3411831B6FB0072434D /* MobileCoreServices.framework */,
				C888D33F1831B6EA0072434D /* SystemConfiguration.framework */,
				C832911C18304F4500ACC281 /* CoreData.framework */,
				C832911A1830362500ACC281 /* AVFoundation.framework */,
				AECB7595180E1F86003F04F8 /* UIKit.framework */,
				AECB7597180E1F86003F04F8 /* Foundation.framework */,
				AECB7599180E1F86003F04F8 /* CoreGraphics.framework */,
				AECB75B9180E1F87003F04F8 /* SenTestingKit.framework */,
				D86FC3FCE33E417E8BD65EC6 /* libPods.a */,
				57640172A7A545839AD630E3 /* libPods-RPG-Soundmaster.a */,
				4055B8250B584252BA7B4931 /* libPods-RPG-SoundmasterTests.a */,
			);
			name = Frameworks;
			sourceTree = "<group>";
		};
		AECB759B180E1F86003F04F8 /* RPG-Soundmaster */ = {
			isa = PBXGroup;
			children = (
				AECB75A4180E1F86003F04F8 /* INPAppDelegate.h */,
				AECB75A5180E1F86003F04F8 /* INPAppDelegate.m */,
				AECB75AD180E1F86003F04F8 /* MainStoryboard.storyboard */,
				AECB75B0180E1F86003F04F8 /* INPViewController.h */,
				AECB75B1180E1F86003F04F8 /* INPViewController.m */,
				C89111811832F5E0009BE66C /* Service */,
				C891117C1832F2C8009BE66C /* Model */,
				AECB759C180E1F86003F04F8 /* Supporting Files */,
			);
			path = "RPG-Soundmaster";
			sourceTree = "<group>";
		};
		AECB759C180E1F86003F04F8 /* Supporting Files */ = {
			isa = PBXGroup;
			children = (
				AECB759D180E1F86003F04F8 /* RPG-Soundmaster-Info.plist */,
				AECB759E180E1F86003F04F8 /* InfoPlist.strings */,
				AECB75A1180E1F86003F04F8 /* main.m */,
				AECB75A3180E1F86003F04F8 /* RPG-Soundmaster-Prefix.pch */,
				AECB75A7180E1F86003F04F8 /* Default.png */,
				AECB75A9180E1F86003F04F8 /* Default@2x.png */,
				AECB75AB180E1F86003F04F8 /* Default-568h@2x.png */,
			);
			name = "Supporting Files";
			sourceTree = "<group>";
		};
		AECB75BF180E1F87003F04F8 /* RPG-SoundmasterTests */ = {
			isa = PBXGroup;
			children = (
				AECB75C5180E1F87003F04F8 /* RPG_SoundmasterTests.h */,
				AECB75C6180E1F87003F04F8 /* RPG_SoundmasterTests.m */,
				AECB75C0180E1F87003F04F8 /* Supporting Files */,
			);
			path = "RPG-SoundmasterTests";
			sourceTree = "<group>";
		};
		AECB75C0180E1F87003F04F8 /* Supporting Files */ = {
			isa = PBXGroup;
			children = (
				AECB75C1180E1F87003F04F8 /* RPG-SoundmasterTests-Info.plist */,
				AECB75C2180E1F87003F04F8 /* InfoPlist.strings */,
			);
			name = "Supporting Files";
			sourceTree = "<group>";
		};
		C891117B1832F2B5009BE66C /* Entities */ = {
			isa = PBXGroup;
			children = (
				C891117D1832F2E8009BE66C /* Extensions */,
				C89111781832F298009BE66C /* User.h */,
				C89111791832F298009BE66C /* User.m */,
			);
			name = Entities;
			sourceTree = "<group>";
		};
		C891117C1832F2C8009BE66C /* Model */ = {
			isa = PBXGroup;
			children = (
				C891117B1832F2B5009BE66C /* Entities */,
				C89111751832EFFC009BE66C /* RPG-Soundmaster.xcdatamodeld */,
			);
			name = Model;
			sourceTree = "<group>";
		};
		C891117D1832F2E8009BE66C /* Extensions */ = {
			isa = PBXGroup;
			children = (
				C891117E1832F317009BE66C /* User+RKMapping.h */,
				C891117F1832F317009BE66C /* User+RKMapping.m */,
			);
			name = Extensions;
			sourceTree = "<group>";
		};
		C89111811832F5E0009BE66C /* Service */ = {
			isa = PBXGroup;
			children = (
				C89111821832F611009BE66C /* INPService.h */,
				C89111831832F611009BE66C /* INPService.m */,
				C89111851832F64A009BE66C /* INPUserService.h */,
				C89111861832F64A009BE66C /* INPUserService.m */,
			);
			name = Service;
			sourceTree = "<group>";
		};
/* End PBXGroup section */

/* Begin PBXNativeTarget section */
		AECB7591180E1F86003F04F8 /* RPG-Soundmaster */ = {
			isa = PBXNativeTarget;
			buildConfigurationList = AECB75CA180E1F87003F04F8 /* Build configuration list for PBXNativeTarget "RPG-Soundmaster" */;
			buildPhases = (
				F27FB82326DA465D9084F9D0 /* Check Pods Manifest.lock */,
				AECB758E180E1F86003F04F8 /* Sources */,
				AECB758F180E1F86003F04F8 /* Frameworks */,
				AECB7590180E1F86003F04F8 /* Resources */,
				449178720404484986EA5612 /* Copy Pods Resources */,
			);
			buildRules = (
			);
			dependencies = (
			);
			name = "RPG-Soundmaster";
			productName = "RPG-Soundmaster";
			productReference = AECB7592180E1F86003F04F8 /* RPG-Soundmaster.app */;
			productType = "com.apple.product-type.application";
		};
		AECB75B7180E1F87003F04F8 /* RPG-SoundmasterTests */ = {
			isa = PBXNativeTarget;
			buildConfigurationList = AECB75CD180E1F87003F04F8 /* Build configuration list for PBXNativeTarget "RPG-SoundmasterTests" */;
			buildPhases = (
				6EB5FD1C061D47ADA0A09359 /* Check Pods Manifest.lock */,
				AECB75B3180E1F87003F04F8 /* Sources */,
				AECB75B4180E1F87003F04F8 /* Frameworks */,
				AECB75B5180E1F87003F04F8 /* Resources */,
				AECB75B6180E1F87003F04F8 /* ShellScript */,
				07A06B19CF1B45F18901E75D /* Copy Pods Resources */,
			);
			buildRules = (
			);
			dependencies = (
				AECB75BE180E1F87003F04F8 /* PBXTargetDependency */,
			);
			name = "RPG-SoundmasterTests";
			productName = "RPG-SoundmasterTests";
			productReference = AECB75B8180E1F87003F04F8 /* RPG-SoundmasterTests.octest */;
			productType = "com.apple.product-type.bundle";
		};
/* End PBXNativeTarget section */

/* Begin PBXProject section */
		AECB758A180E1F86003F04F8 /* Project object */ = {
			isa = PBXProject;
			attributes = {
				CLASSPREFIX = INP;
				LastUpgradeCheck = 0460;
				ORGANIZATIONNAME = INpHELLer;
				TargetAttributes = {
					AECB7591180E1F86003F04F8 = {
						DevelopmentTeam = VSNM6CGZHW;
					};
				};
			};
			buildConfigurationList = AECB758D180E1F86003F04F8 /* Build configuration list for PBXProject "RPG-Soundmaster" */;
			compatibilityVersion = "Xcode 3.2";
			developmentRegion = English;
			hasScannedForEncodings = 0;
			knownRegions = (
				en,
			);
			mainGroup = AECB7589180E1F86003F04F8;
			productRefGroup = AECB7593180E1F86003F04F8 /* Products */;
			projectDirPath = "";
			projectRoot = "";
			targets = (
				AECB7591180E1F86003F04F8 /* RPG-Soundmaster */,
				AECB75B7180E1F87003F04F8 /* RPG-SoundmasterTests */,
			);
		};
/* End PBXProject section */

/* Begin PBXResourcesBuildPhase section */
		AECB7590180E1F86003F04F8 /* Resources */ = {
			isa = PBXResourcesBuildPhase;
			buildActionMask = 2147483647;
			files = (
				AECB75A0180E1F86003F04F8 /* InfoPlist.strings in Resources */,
				AECB75A8180E1F86003F04F8 /* Default.png in Resources */,
				AECB75AA180E1F86003F04F8 /* Default@2x.png in Resources */,
				AECB75AC180E1F86003F04F8 /* Default-568h@2x.png in Resources */,
				AECB75AF180E1F86003F04F8 /* MainStoryboard.storyboard in Resources */,
			);
			runOnlyForDeploymentPostprocessing = 0;
		};
		AECB75B5180E1F87003F04F8 /* Resources */ = {
			isa = PBXResourcesBuildPhase;
			buildActionMask = 2147483647;
			files = (
				AECB75C4180E1F87003F04F8 /* InfoPlist.strings in Resources */,
			);
			runOnlyForDeploymentPostprocessing = 0;
		};
/* End PBXResourcesBuildPhase section */

/* Begin PBXShellScriptBuildPhase section */
		07A06B19CF1B45F18901E75D /* Copy Pods Resources */ = {
			isa = PBXShellScriptBuildPhase;
			buildActionMask = 2147483647;
			files = (
			);
			inputPaths = (
			);
			name = "Copy Pods Resources";
			outputPaths = (
			);
			runOnlyForDeploymentPostprocessing = 0;
			shellPath = /bin/sh;
			shellScript = "\"${SRCROOT}/Pods/Pods-RPG-SoundmasterTests-resources.sh\"\n";
			showEnvVarsInLog = 0;
		};
		449178720404484986EA5612 /* Copy Pods Resources */ = {
			isa = PBXShellScriptBuildPhase;
			buildActionMask = 2147483647;
			files = (
			);
			inputPaths = (
			);
			name = "Copy Pods Resources";
			outputPaths = (
			);
			runOnlyForDeploymentPostprocessing = 0;
			shellPath = /bin/sh;
			shellScript = "\"${SRCROOT}/Pods/Pods-RPG-Soundmaster-resources.sh\"\n";
			showEnvVarsInLog = 0;
		};
		6EB5FD1C061D47ADA0A09359 /* Check Pods Manifest.lock */ = {
			isa = PBXShellScriptBuildPhase;
			buildActionMask = 2147483647;
			files = (
			);
			inputPaths = (
			);
			name = "Check Pods Manifest.lock";
			outputPaths = (
			);
			runOnlyForDeploymentPostprocessing = 0;
			shellPath = /bin/sh;
			shellScript = "diff \"${PODS_ROOT}/../Podfile.lock\" \"${PODS_ROOT}/Manifest.lock\" > /dev/null\nif [[ $? != 0 ]] ; then\n    cat << EOM\nerror: The sandbox is not in sync with the Podfile.lock. Run 'pod install' or update your CocoaPods installation.\nEOM\n    exit 1\nfi\n";
			showEnvVarsInLog = 0;
		};
		AECB75B6180E1F87003F04F8 /* ShellScript */ = {
			isa = PBXShellScriptBuildPhase;
			buildActionMask = 2147483647;
			files = (
			);
			inputPaths = (
			);
			outputPaths = (
			);
			runOnlyForDeploymentPostprocessing = 0;
			shellPath = /bin/sh;
			shellScript = "# Run the unit tests in this test bundle.\n\"${SYSTEM_DEVELOPER_DIR}/Tools/RunUnitTests\"\n";
		};
		F27FB82326DA465D9084F9D0 /* Check Pods Manifest.lock */ = {
			isa = PBXShellScriptBuildPhase;
			buildActionMask = 2147483647;
			files = (
			);
			inputPaths = (
			);
			name = "Check Pods Manifest.lock";
			outputPaths = (
			);
			runOnlyForDeploymentPostprocessing = 0;
			shellPath = /bin/sh;
			shellScript = "diff \"${PODS_ROOT}/../Podfile.lock\" \"${PODS_ROOT}/Manifest.lock\" > /dev/null\nif [[ $? != 0 ]] ; then\n    cat << EOM\nerror: The sandbox is not in sync with the Podfile.lock. Run 'pod install' or update your CocoaPods installation.\nEOM\n    exit 1\nfi\n";
			showEnvVarsInLog = 0;
		};
/* End PBXShellScriptBuildPhase section */

/* Begin PBXSourcesBuildPhase section */
		AECB758E180E1F86003F04F8 /* Sources */ = {
			isa = PBXSourcesBuildPhase;
			buildActionMask = 2147483647;
			files = (
				C891117A1832F298009BE66C /* User.m in Sources */,
				AECB75A2180E1F86003F04F8 /* main.m in Sources */,
				C89111871832F64A009BE66C /* INPUserService.m in Sources */,
				C89111841832F611009BE66C /* INPService.m in Sources */,
				C89111801832F317009BE66C /* User+RKMapping.m in Sources */,
				AECB75A6180E1F86003F04F8 /* INPAppDelegate.m in Sources */,
				AECB75B2180E1F86003F04F8 /* INPViewController.m in Sources */,
				C89111771832EFFC009BE66C /* RPG-Soundmaster.xcdatamodeld in Sources */,
			);
			runOnlyForDeploymentPostprocessing = 0;
		};
		AECB75B3180E1F87003F04F8 /* Sources */ = {
			isa = PBXSourcesBuildPhase;
			buildActionMask = 2147483647;
			files = (
				AECB75C7180E1F87003F04F8 /* RPG_SoundmasterTests.m in Sources */,
			);
			runOnlyForDeploymentPostprocessing = 0;
		};
/* End PBXSourcesBuildPhase section */

/* Begin PBXTargetDependency section */
		AECB75BE180E1F87003F04F8 /* PBXTargetDependency */ = {
			isa = PBXTargetDependency;
			target = AECB7591180E1F86003F04F8 /* RPG-Soundmaster */;
			targetProxy = AECB75BD180E1F87003F04F8 /* PBXContainerItemProxy */;
		};
/* End PBXTargetDependency section */

/* Begin PBXVariantGroup section */
		AECB759E180E1F86003F04F8 /* InfoPlist.strings */ = {
			isa = PBXVariantGroup;
			children = (
				AECB759F180E1F86003F04F8 /* en */,
			);
			name = InfoPlist.strings;
			sourceTree = "<group>";
		};
		AECB75AD180E1F86003F04F8 /* MainStoryboard.storyboard */ = {
			isa = PBXVariantGroup;
			children = (
				AECB75AE180E1F86003F04F8 /* en */,
			);
			name = MainStoryboard.storyboard;
			sourceTree = "<group>";
		};
		AECB75C2180E1F87003F04F8 /* InfoPlist.strings */ = {
			isa = PBXVariantGroup;
			children = (
				AECB75C3180E1F87003F04F8 /* en */,
			);
			name = InfoPlist.strings;
			sourceTree = "<group>";
		};
/* End PBXVariantGroup section */

/* Begin XCBuildConfiguration section */
		AECB75C8180E1F87003F04F8 /* Debug */ = {
			isa = XCBuildConfiguration;
			buildSettings = {
				ALWAYS_SEARCH_USER_PATHS = NO;
				CLANG_CXX_LANGUAGE_STANDARD = "gnu++0x";
				CLANG_CXX_LIBRARY = "libc++";
				CLANG_ENABLE_OBJC_ARC = YES;
				CLANG_WARN_CONSTANT_CONVERSION = YES;
				CLANG_WARN_EMPTY_BODY = YES;
				CLANG_WARN_ENUM_CONVERSION = YES;
				CLANG_WARN_INT_CONVERSION = YES;
				CLANG_WARN__DUPLICATE_METHOD_MATCH = YES;
				"CODE_SIGN_IDENTITY[sdk=iphoneos*]" = "iPhone Developer";
				COPY_PHASE_STRIP = NO;
				GCC_C_LANGUAGE_STANDARD = gnu99;
				GCC_DYNAMIC_NO_PIC = NO;
				GCC_OPTIMIZATION_LEVEL = 0;
				GCC_PREPROCESSOR_DEFINITIONS = (
					"DEBUG=1",
					"$(inherited)",
				);
				GCC_SYMBOLS_PRIVATE_EXTERN = NO;
				GCC_WARN_ABOUT_RETURN_TYPE = YES;
				GCC_WARN_UNINITIALIZED_AUTOS = YES;
				GCC_WARN_UNUSED_VARIABLE = YES;
				IPHONEOS_DEPLOYMENT_TARGET = 6.1;
				ONLY_ACTIVE_ARCH = YES;
				SDKROOT = iphoneos;
			};
			name = Debug;
		};
		AECB75C9180E1F87003F04F8 /* Release */ = {
			isa = XCBuildConfiguration;
			buildSettings = {
				ALWAYS_SEARCH_USER_PATHS = NO;
				CLANG_CXX_LANGUAGE_STANDARD = "gnu++0x";
				CLANG_CXX_LIBRARY = "libc++";
				CLANG_ENABLE_OBJC_ARC = YES;
				CLANG_WARN_CONSTANT_CONVERSION = YES;
				CLANG_WARN_EMPTY_BODY = YES;
				CLANG_WARN_ENUM_CONVERSION = YES;
				CLANG_WARN_INT_CONVERSION = YES;
				CLANG_WARN__DUPLICATE_METHOD_MATCH = YES;
				"CODE_SIGN_IDENTITY[sdk=iphoneos*]" = "iPhone Developer";
				COPY_PHASE_STRIP = YES;
				GCC_C_LANGUAGE_STANDARD = gnu99;
				GCC_WARN_ABOUT_RETURN_TYPE = YES;
				GCC_WARN_UNINITIALIZED_AUTOS = YES;
				GCC_WARN_UNUSED_VARIABLE = YES;
				IPHONEOS_DEPLOYMENT_TARGET = 6.1;
				OTHER_CFLAGS = "-DNS_BLOCK_ASSERTIONS=1";
				SDKROOT = iphoneos;
				VALIDATE_PRODUCT = YES;
			};
			name = Release;
		};
		AECB75CB180E1F87003F04F8 /* Debug */ = {
			isa = XCBuildConfiguration;
			baseConfigurationReference = 3F914B44EA804C2099585D4A /* Pods-RPG-Soundmaster.xcconfig */;
			buildSettings = {
				CODE_SIGN_IDENTITY = "iPhone Developer";
				"CODE_SIGN_IDENTITY[sdk=iphoneos*]" = "iPhone Developer";
				GCC_PRECOMPILE_PREFIX_HEADER = YES;
				GCC_PREFIX_HEADER = "RPG-Soundmaster/RPG-Soundmaster-Prefix.pch";
				INFOPLIST_FILE = "RPG-Soundmaster/RPG-Soundmaster-Info.plist";
				PRODUCT_NAME = "$(TARGET_NAME)";
				PROVISIONING_PROFILE = "";
				VALID_ARCHS = "armv7 armv7s i386";
				WRAPPER_EXTENSION = app;
			};
			name = Debug;
		};
		AECB75CC180E1F87003F04F8 /* Release */ = {
			isa = XCBuildConfiguration;
			baseConfigurationReference = 3F914B44EA804C2099585D4A /* Pods-RPG-Soundmaster.xcconfig */;
			buildSettings = {
				CODE_SIGN_IDENTITY = "iPhone Developer";
				"CODE_SIGN_IDENTITY[sdk=iphoneos*]" = "iPhone Developer";
				GCC_PRECOMPILE_PREFIX_HEADER = YES;
				GCC_PREFIX_HEADER = "RPG-Soundmaster/RPG-Soundmaster-Prefix.pch";
				INFOPLIST_FILE = "RPG-Soundmaster/RPG-Soundmaster-Info.plist";
				PRODUCT_NAME = "$(TARGET_NAME)";
				PROVISIONING_PROFILE = "";
				VALID_ARCHS = "armv7 armv7s i386";
				WRAPPER_EXTENSION = app;
			};
			name = Release;
		};
		AECB75CE180E1F87003F04F8 /* Debug */ = {
			isa = XCBuildConfiguration;
			baseConfigurationReference = 38C22DE0CD594E13B3E98CF1 /* Pods-RPG-SoundmasterTests.xcconfig */;
			buildSettings = {
				BUNDLE_LOADER = "$(BUILT_PRODUCTS_DIR)/RPG-Soundmaster.app/RPG-Soundmaster";
				FRAMEWORK_SEARCH_PATHS = (
					"\"$(SDKROOT)/Developer/Library/Frameworks\"",
					"\"$(DEVELOPER_LIBRARY_DIR)/Frameworks\"",
				);
				GCC_PRECOMPILE_PREFIX_HEADER = YES;
				GCC_PREFIX_HEADER = "RPG-Soundmaster/RPG-Soundmaster-Prefix.pch";
				INFOPLIST_FILE = "RPG-SoundmasterTests/RPG-SoundmasterTests-Info.plist";
				PRODUCT_NAME = "$(TARGET_NAME)";
				TEST_HOST = "$(BUNDLE_LOADER)";
				WRAPPER_EXTENSION = octest;
			};
			name = Debug;
		};
		AECB75CF180E1F87003F04F8 /* Release */ = {
			isa = XCBuildConfiguration;
			baseConfigurationReference = 38C22DE0CD594E13B3E98CF1 /* Pods-RPG-SoundmasterTests.xcconfig */;
			buildSettings = {
				BUNDLE_LOADER = "$(BUILT_PRODUCTS_DIR)/RPG-Soundmaster.app/RPG-Soundmaster";
				FRAMEWORK_SEARCH_PATHS = (
					"\"$(SDKROOT)/Developer/Library/Frameworks\"",
					"\"$(DEVELOPER_LIBRARY_DIR)/Frameworks\"",
				);
				GCC_PRECOMPILE_PREFIX_HEADER = YES;
				GCC_PREFIX_HEADER = "RPG-Soundmaster/RPG-Soundmaster-Prefix.pch";
				INFOPLIST_FILE = "RPG-SoundmasterTests/RPG-SoundmasterTests-Info.plist";
				PRODUCT_NAME = "$(TARGET_NAME)";
				TEST_HOST = "$(BUNDLE_LOADER)";
				WRAPPER_EXTENSION = octest;
			};
			name = Release;
		};
/* End XCBuildConfiguration section */

/* Begin XCConfigurationList section */
		AECB758D180E1F86003F04F8 /* Build configuration list for PBXProject "RPG-Soundmaster" */ = {
			isa = XCConfigurationList;
			buildConfigurations = (
				AECB75C8180E1F87003F04F8 /* Debug */,
				AECB75C9180E1F87003F04F8 /* Release */,
			);
			defaultConfigurationIsVisible = 0;
			defaultConfigurationName = Release;
		};
		AECB75CA180E1F87003F04F8 /* Build configuration list for PBXNativeTarget "RPG-Soundmaster" */ = {
			isa = XCConfigurationList;
			buildConfigurations = (
				AECB75CB180E1F87003F04F8 /* Debug */,
				AECB75CC180E1F87003F04F8 /* Release */,
			);
			defaultConfigurationIsVisible = 0;
			defaultConfigurationName = Release;
		};
		AECB75CD180E1F87003F04F8 /* Build configuration list for PBXNativeTarget "RPG-SoundmasterTests" */ = {
			isa = XCConfigurationList;
			buildConfigurations = (
				AECB75CE180E1F87003F04F8 /* Debug */,
				AECB75CF180E1F87003F04F8 /* Release */,
			);
			defaultConfigurationIsVisible = 0;
			defaultConfigurationName = Release;
		};
/* End XCConfigurationList section */

/* Begin XCVersionGroup section */
		C89111751832EFFC009BE66C /* RPG-Soundmaster.xcdatamodeld */ = {
			isa = XCVersionGroup;
			children = (
				C89111761832EFFC009BE66C /* RPG-Soundmaster.xcdatamodel */,
			);
			currentVersion = C89111761832EFFC009BE66C /* RPG-Soundmaster.xcdatamodel */;
			name = "RPG-Soundmaster.xcdatamodeld";
			path = "Model/RPG-Soundmaster.xcdatamodeld";
			sourceTree = "<group>";
			versionGroupType = wrapper.xcdatamodel;
		};
/* End XCVersionGroup section */
	};
	rootObject = AECB758A180E1F86003F04F8 /* Project object */;
}
